
Microsoft Visual Studio Solution File, Format Version 12.00
# Visual Studio Version 17
VisualStudioVersion = 17.7.34202.233
MinimumVisualStudioVersion = 10.0.40219.1
Project("{9A19103F-16F7-4668-BE54-9A1E7A4F7556}") = "CleanCommerce.Api", "CleanCommerce.Api\CleanCommerce.Api.csproj", "{B97F183B-0286-4DCC-B48C-A50750B45A40}"
EndProject
Project("{9A19103F-16F7-4668-BE54-9A1E7A4F7556}") = "CleanCommerce.Contracts", "CleanCommerce.Contracts\CleanCommerce.Contracts.csproj", "{F5843A18-83A9-413B-A670-4CEED661B44F}"
EndProject
Project("{9A19103F-16F7-4668-BE54-9A1E7A4F7556}") = "CleanCommerce.Infrastructure", "CleanCommerce.Infrastructure\CleanCommerce.Infrastructure.csproj", "{4ADC2294-BE78-45BD-9180-7BC72EA7DEF1}"
EndProject
Project("{9A19103F-16F7-4668-BE54-9A1E7A4F7556}") = "CleanCommerce.Application", "CleanCommerce.Application\CleanCommerce.Application.csproj", "{5685BAE9-F4D1-488B-B21C-3C2B6920DE4B}"
EndProject
Project("{9A19103F-16F7-4668-BE54-9A1E7A4F7556}") = "CleanCommerce.Domain", "CleanCommerce.Domain\CleanCommerce.Domain.csproj", "{A691EDB3-48FF-41A3-96A4-B1A4F7FC345D}"
EndProject
Project("{2150E333-8FDC-42A3-9474-1A3956D46DE8}") = "Docs", "Docs", "{83A7CB4E-8E78-4209-B9F9-C0663EA7FCCA}"
	ProjectSection(SolutionItems) = preProject
		Docs\Api.Auth.md = Docs\Api.Auth.md
		Docs\Api.Cart.md = Docs\Api.Cart.md
		Docs\Api.Category.md = Docs\Api.Category.md
		Api.Order.md = Api.Order.md
		Docs\Api.Product.md = Docs\Api.Product.md
	EndProjectSection
EndProject
Project("{2150E333-8FDC-42A3-9474-1A3956D46DE8}") = "Domain Models", "Domain Models", "{782E4DF1-2C39-420B-B95B-70C0FE2A5D96}"
	ProjectSection(SolutionItems) = preProject
		Docs\Domain Models\Aggregate.Cart.md = Docs\Domain Models\Aggregate.Cart.md
		Docs\Domain Models\Aggregate.Category.md = Docs\Domain Models\Aggregate.Category.md
		Docs\Domain Models\Aggregate.Feedback.md = Docs\Domain Models\Aggregate.Feedback.md
		Docs\Domain Models\Aggregate.Order.md = Docs\Domain Models\Aggregate.Order.md
		Docs\Domain Models\Aggregate.Product.md = Docs\Domain Models\Aggregate.Product.md
		Docs\Domain Models\Aggregate.Promotion.md = Docs\Domain Models\Aggregate.Promotion.md
		Docs\Domain Models\Aggregate.User.md = Docs\Domain Models\Aggregate.User.md
	EndProjectSection
EndProject
Project("{2150E333-8FDC-42A3-9474-1A3956D46DE8}") = "Solution Items", "Solution Items", "{2FF67223-F15A-427D-80CE-330FA6E6783E}"
	ProjectSection(SolutionItems) = preProject
		README.md = README.md
	EndProjectSection
EndProject
Global
	GlobalSection(SolutionConfigurationPlatforms) = preSolution
		Debug|Any CPU = Debug|Any CPU
		Release|Any CPU = Release|Any CPU
	EndGlobalSection
	GlobalSection(ProjectConfigurationPlatforms) = postSolution
		{B97F183B-0286-4DCC-B48C-A50750B45A40}.Debug|Any CPU.ActiveCfg = Debug|Any CPU
		{B97F183B-0286-4DCC-B48C-A50750B45A40}.Debug|Any CPU.Build.0 = Debug|Any CPU
		{B97F183B-0286-4DCC-B48C-A50750B45A40}.Release|Any CPU.ActiveCfg = Release|Any CPU
		{B97F183B-0286-4DCC-B48C-A50750B45A40}.Release|Any CPU.Build.0 = Release|Any CPU
		{F5843A18-83A9-413B-A670-4CEED661B44F}.Debug|Any CPU.ActiveCfg = Debug|Any CPU
		{F5843A18-83A9-413B-A670-4CEED661B44F}.Debug|Any CPU.Build.0 = Debug|Any CPU
		{F5843A18-83A9-413B-A670-4CEED661B44F}.Release|Any CPU.ActiveCfg = Release|Any CPU
		{F5843A18-83A9-413B-A670-4CEED661B44F}.Release|Any CPU.Build.0 = Release|Any CPU
		{4ADC2294-BE78-45BD-9180-7BC72EA7DEF1}.Debug|Any CPU.ActiveCfg = Debug|Any CPU
		{4ADC2294-BE78-45BD-9180-7BC72EA7DEF1}.Debug|Any CPU.Build.0 = Debug|Any CPU
		{4ADC2294-BE78-45BD-9180-7BC72EA7DEF1}.Release|Any CPU.ActiveCfg = Release|Any CPU
		{4ADC2294-BE78-45BD-9180-7BC72EA7DEF1}.Release|Any CPU.Build.0 = Release|Any CPU
		{5685BAE9-F4D1-488B-B21C-3C2B6920DE4B}.Debug|Any CPU.ActiveCfg = Debug|Any CPU
		{5685BAE9-F4D1-488B-B21C-3C2B6920DE4B}.Debug|Any CPU.Build.0 = Debug|Any CPU
		{5685BAE9-F4D1-488B-B21C-3C2B6920DE4B}.Release|Any CPU.ActiveCfg = Release|Any CPU
		{5685BAE9-F4D1-488B-B21C-3C2B6920DE4B}.Release|Any CPU.Build.0 = Release|Any CPU
		{A691EDB3-48FF-41A3-96A4-B1A4F7FC345D}.Debug|Any CPU.ActiveCfg = Debug|Any CPU
		{A691EDB3-48FF-41A3-96A4-B1A4F7FC345D}.Debug|Any CPU.Build.0 = Debug|Any CPU
		{A691EDB3-48FF-41A3-96A4-B1A4F7FC345D}.Release|Any CPU.ActiveCfg = Release|Any CPU
		{A691EDB3-48FF-41A3-96A4-B1A4F7FC345D}.Release|Any CPU.Build.0 = Release|Any CPU
	EndGlobalSection
	GlobalSection(SolutionProperties) = preSolution
		HideSolutionNode = FALSE
	EndGlobalSection
	GlobalSection(NestedProjects) = preSolution
		{782E4DF1-2C39-420B-B95B-70C0FE2A5D96} = {83A7CB4E-8E78-4209-B9F9-C0663EA7FCCA}
	EndGlobalSection
	GlobalSection(ExtensibilityGlobals) = postSolution
		SolutionGuid = {647D9D10-B40B-4664-88BC-2E431201E519}
	EndGlobalSection
EndGlobal
